{
  "requires": true,
  "lockfileVersion": 1,
  "dependencies": {
    "@reactivex/rxjs": {
      "version": "5.5.9",
      "resolved": "https://registry.npmjs.org/@reactivex/rxjs/-/rxjs-5.5.9.tgz",
      "integrity": "sha512-sXONCGPI7GVIiDV483jt0nCP+mAGq10IDd7M1PKK2lCyBqwSE4bP6M5/edEfVKi16c4YlBFp7ncEKTwcQtVCEA==",
      "requires": {
        "symbol-observable": "1.0.1"
      }
    },
    "jquery": {
      "version": "3.3.1",
      "resolved": "https://registry.npmjs.org/jquery/-/jquery-3.3.1.tgz",
      "integrity": "sha512-Ubldcmxp5np52/ENotGxlLe6aGMvmF4R8S6tZjsP6Knsaxd/xp3Zrh50cG93lR6nPXyUFwzN3ZSOQI0wRJNdGg=="
    },
    "rxjs": {
      "version": "5.5.8",
      "resolved": "https://registry.npmjs.org/rxjs/-/rxjs-5.5.8.tgz",
      "integrity": "sha512-Bz7qou7VAIoGiglJZbzbXa4vpX5BmTTN2Dj/se6+SwADtw4SihqBIiEa7VmTXJ8pynvq0iFr5Gx9VLyye1rIxQ==",
      "requires": {
        "symbol-observable": "1.0.1"
      }
    },
    "symbol-observable": {
      "version": "1.0.1",
      "resolved": "https://registry.npmjs.org/symbol-observable/-/symbol-observable-1.0.1.tgz",
      "integrity": "sha1-g0D8RwLDEi310iKI+IKD9RPT/dQ="
    }
  }
}
